{
  "requires": true,
  "lockfileVersion": 1,
  "dependencies": {
    "cordova-plugin-navigationbar-color": {
      "version": "0.0.9",
      "resolved": "https://registry.npmjs.org/cordova-plugin-navigationbar-color/-/cordova-plugin-navigationbar-color-0.0.9.tgz",
      "integrity": "sha512-1s9gegohlJvAO6WAdYwyhygnWebW0FKSap+3GLoNS/dI6yQLlnwyeiF8XgVvYfb47Ef6F7BiwxAu9jM4i+EIPg=="
    }
  }
}
